
Microsoft Visual Studio Solution File, Format Version 12.00
Project("{2150E333-8FDC-42A3-9474-1A3956D46DE8}") = "ShipSystems", "ShipSystems", "{3CE405A6-0BD0-4EBA-A14B-C999307EFD91}"
EndProject
Project("{2150E333-8FDC-42A3-9474-1A3956D46DE8}") = "ShipStatus", "ShipStatus", "{37A95D79-2B27-4017-B37D-F844BF282F0D}"
EndProject
Project("{2150E333-8FDC-42A3-9474-1A3956D46DE8}") = "Navigation", "Navigation", "{B478F543-47A3-491B-9FEE-A21E3A9987E8}"
EndProject
Project("{2150E333-8FDC-42A3-9474-1A3956D46DE8}") = "WeaponsControl", "WeaponsControl", "{E3CD9AD9-390B-410D-90E9-17EB5715CD68}"
EndProject
Project("{2150E333-8FDC-42A3-9474-1A3956D46DE8}") = "DefenceControl", "DefenceControl", "{475203DC-C314-4F46-9B78-AB1B8182E181}"
EndProject
Project("{2150E333-8FDC-42A3-9474-1A3956D46DE8}") = "Universe", "Universe", "{F062CF66-55F3-4A72-9108-EC648057FE8B}"
EndProject
Project("{2150E333-8FDC-42A3-9474-1A3956D46DE8}") = "SpaceManager", "SpaceManager", "{08173332-4507-4DA4-8A66-C0FE4F218679}"
EndProject
Project("{2150E333-8FDC-42A3-9474-1A3956D46DE8}") = "NpcModule", "NpcModule", "{412A625E-057D-4A96-AA5B-2811EF4C0206}"
EndProject
Project("{2150E333-8FDC-42A3-9474-1A3956D46DE8}") = "Aspire", "Aspire", "{4FCFC6F4-BDFF-4B24-972D-E75687461D9C}"
EndProject
Project("{FAE04EC0-301F-11D3-BF4B-00C04F79EFBC}") = "ShipSim.AppHost", "Aspire\ShipSim.AppHost\ShipSim.AppHost.csproj", "{FCCC5876-427B-4974-9E10-E351F214AD0B}"
EndProject
Project("{FAE04EC0-301F-11D3-BF4B-00C04F79EFBC}") = "ShipSim.ServiceDefaults", "Aspire\ShipSim.ServiceDefaults\ShipSim.ServiceDefaults.csproj", "{A50EE8B1-79E1-4E16-B27F-591B0467F64D}"
EndProject
Project("{FAE04EC0-301F-11D3-BF4B-00C04F79EFBC}") = "ShipSim.AspireConstants", "ShipSim.AspireConstants\ShipSim.AspireConstants.csproj", "{E0A26B07-3EE9-41A3-BCA6-95DD273796B4}"
EndProject
Project("{FAE04EC0-301F-11D3-BF4B-00C04F79EFBC}") = "ShipSim.Core", "ShipSim.Core\ShipSim.Core.csproj", "{21FC7E01-6C04-40BE-AAAC-FFA227B6AB35}"
EndProject
Project("{FAE04EC0-301F-11D3-BF4B-00C04F79EFBC}") = "ShipSim.WebApi", "ShipSim.WebApi\ShipSim.WebApi.csproj", "{36ADEB82-DEDC-45D5-AF9A-25569C01529B}"
EndProject
Project("{FAE04EC0-301F-11D3-BF4B-00C04F79EFBC}") = "ShipSim.Ship.Module", "ShipSim.Ship.Module\ShipSim.Ship.Module.csproj", "{C0331CDB-3CD8-43EF-B86A-ECBBB2A111B0}"
EndProject
Project("{FAE04EC0-301F-11D3-BF4B-00C04F79EFBC}") = "ShipSim.Ship.Module.Contracts", "ShipSim.Ship.Module.Contracts\ShipSim.Ship.Module.Contracts.csproj", "{9EFE9079-AE3D-4E34-A7C5-4ABFF432ADAC}"
EndProject
Project("{2150E333-8FDC-42A3-9474-1A3956D46DE8}") = "PlayersModule", "PlayersModule", "{DF620E07-4736-45D8-9183-D5FE4604DC45}"
EndProject
Project("{FAE04EC0-301F-11D3-BF4B-00C04F79EFBC}") = "ShipSim.Players.Module", "Players\ShipSim.Players.Module\ShipSim.Players.Module.csproj", "{10D89D80-5DD8-4A6B-820D-635BD8DF2620}"
EndProject
Project("{FAE04EC0-301F-11D3-BF4B-00C04F79EFBC}") = "ShipSim.Players.Module.Contracts", "Players\ShipSim.Players.Module.Contracts\ShipSim.Players.Module.Contracts.csproj", "{0611103F-DF4E-42B9-B6C6-9355A4011700}"
EndProject
Project("{FAE04EC0-301F-11D3-BF4B-00C04F79EFBC}") = "ShipSim.ModuleCore", "ShipSim.ModuleCore\ShipSim.ModuleCore.csproj", "{7D00E0BF-2715-4771-8759-6A724DD5C2D8}"
EndProject
Project("{FAE04EC0-301F-11D3-BF4B-00C04F79EFBC}") = "ShipSim.Migrator", "ShipSim.Migrator\ShipSim.Migrator.csproj", "{575BD973-BD85-4621-B97C-E3DDF554B63C}"
EndProject
Project("{FAE04EC0-301F-11D3-BF4B-00C04F79EFBC}") = "ShipSim.Web", "ShipSim.Web\ShipSim.Web.csproj", "{26749D90-B041-452E-98C6-22A8268B814E}"
EndProject
Project("{2150E333-8FDC-42A3-9474-1A3956D46DE8}") = "RaceModule", "RaceModule", "{610FB626-4C1F-4594-81CE-0FAD156FA133}"
EndProject
Project("{2150E333-8FDC-42A3-9474-1A3956D46DE8}") = "WebApps", "WebApps", "{B826B7A3-EE67-42A2-914A-EA821612D0AC}"
EndProject
Project("{FAE04EC0-301F-11D3-BF4B-00C04F79EFBC}") = "ShipSim.Blazor", "ShipSim.Blazor\ShipSim.Blazor.csproj", "{C4269752-7F30-4225-B51D-CCDCBFB37572}"
EndProject
Project("{FAE04EC0-301F-11D3-BF4B-00C04F79EFBC}") = "ShipSim.Race.Module", "ShipSim.Race.Module\ShipSim.Race.Module.csproj", "{FFC2CE55-3BCA-43A2-BAAB-C24FE826A424}"
EndProject
Project("{FAE04EC0-301F-11D3-BF4B-00C04F79EFBC}") = "ShipSim.Race.Module.Contracts", "ShipSim.Race.Module.Contracts\ShipSim.Race.Module.Contracts.csproj", "{8BEAA988-E960-4F83-BE8A-8C025FF13C3F}"
EndProject
Global
	GlobalSection(SolutionConfigurationPlatforms) = preSolution
		Debug|Any CPU = Debug|Any CPU
		Release|Any CPU = Release|Any CPU
	EndGlobalSection
	GlobalSection(NestedProjects) = preSolution
		{37A95D79-2B27-4017-B37D-F844BF282F0D} = {3CE405A6-0BD0-4EBA-A14B-C999307EFD91}
		{B478F543-47A3-491B-9FEE-A21E3A9987E8} = {3CE405A6-0BD0-4EBA-A14B-C999307EFD91}
		{E3CD9AD9-390B-410D-90E9-17EB5715CD68} = {3CE405A6-0BD0-4EBA-A14B-C999307EFD91}
		{475203DC-C314-4F46-9B78-AB1B8182E181} = {3CE405A6-0BD0-4EBA-A14B-C999307EFD91}
		{08173332-4507-4DA4-8A66-C0FE4F218679} = {F062CF66-55F3-4A72-9108-EC648057FE8B}
		{412A625E-057D-4A96-AA5B-2811EF4C0206} = {F062CF66-55F3-4A72-9108-EC648057FE8B}
		{FCCC5876-427B-4974-9E10-E351F214AD0B} = {4FCFC6F4-BDFF-4B24-972D-E75687461D9C}
		{A50EE8B1-79E1-4E16-B27F-591B0467F64D} = {4FCFC6F4-BDFF-4B24-972D-E75687461D9C}
		{E0A26B07-3EE9-41A3-BCA6-95DD273796B4} = {4FCFC6F4-BDFF-4B24-972D-E75687461D9C}
		{C0331CDB-3CD8-43EF-B86A-ECBBB2A111B0} = {37A95D79-2B27-4017-B37D-F844BF282F0D}
		{9EFE9079-AE3D-4E34-A7C5-4ABFF432ADAC} = {37A95D79-2B27-4017-B37D-F844BF282F0D}
		{DF620E07-4736-45D8-9183-D5FE4604DC45} = {F062CF66-55F3-4A72-9108-EC648057FE8B}
		{10D89D80-5DD8-4A6B-820D-635BD8DF2620} = {DF620E07-4736-45D8-9183-D5FE4604DC45}
		{0611103F-DF4E-42B9-B6C6-9355A4011700} = {DF620E07-4736-45D8-9183-D5FE4604DC45}
		{610FB626-4C1F-4594-81CE-0FAD156FA133} = {F062CF66-55F3-4A72-9108-EC648057FE8B}
		{26749D90-B041-452E-98C6-22A8268B814E} = {B826B7A3-EE67-42A2-914A-EA821612D0AC}
		{36ADEB82-DEDC-45D5-AF9A-25569C01529B} = {B826B7A3-EE67-42A2-914A-EA821612D0AC}
		{C4269752-7F30-4225-B51D-CCDCBFB37572} = {B826B7A3-EE67-42A2-914A-EA821612D0AC}
		{FFC2CE55-3BCA-43A2-BAAB-C24FE826A424} = {610FB626-4C1F-4594-81CE-0FAD156FA133}
		{8BEAA988-E960-4F83-BE8A-8C025FF13C3F} = {610FB626-4C1F-4594-81CE-0FAD156FA133}
	EndGlobalSection
	GlobalSection(ProjectConfigurationPlatforms) = postSolution
		{FCCC5876-427B-4974-9E10-E351F214AD0B}.Debug|Any CPU.ActiveCfg = Debug|Any CPU
		{FCCC5876-427B-4974-9E10-E351F214AD0B}.Debug|Any CPU.Build.0 = Debug|Any CPU
		{FCCC5876-427B-4974-9E10-E351F214AD0B}.Release|Any CPU.ActiveCfg = Release|Any CPU
		{FCCC5876-427B-4974-9E10-E351F214AD0B}.Release|Any CPU.Build.0 = Release|Any CPU
		{A50EE8B1-79E1-4E16-B27F-591B0467F64D}.Debug|Any CPU.ActiveCfg = Debug|Any CPU
		{A50EE8B1-79E1-4E16-B27F-591B0467F64D}.Debug|Any CPU.Build.0 = Debug|Any CPU
		{A50EE8B1-79E1-4E16-B27F-591B0467F64D}.Release|Any CPU.ActiveCfg = Release|Any CPU
		{A50EE8B1-79E1-4E16-B27F-591B0467F64D}.Release|Any CPU.Build.0 = Release|Any CPU
		{E0A26B07-3EE9-41A3-BCA6-95DD273796B4}.Debug|Any CPU.ActiveCfg = Debug|Any CPU
		{E0A26B07-3EE9-41A3-BCA6-95DD273796B4}.Debug|Any CPU.Build.0 = Debug|Any CPU
		{E0A26B07-3EE9-41A3-BCA6-95DD273796B4}.Release|Any CPU.ActiveCfg = Release|Any CPU
		{E0A26B07-3EE9-41A3-BCA6-95DD273796B4}.Release|Any CPU.Build.0 = Release|Any CPU
		{21FC7E01-6C04-40BE-AAAC-FFA227B6AB35}.Debug|Any CPU.ActiveCfg = Debug|Any CPU
		{21FC7E01-6C04-40BE-AAAC-FFA227B6AB35}.Debug|Any CPU.Build.0 = Debug|Any CPU
		{21FC7E01-6C04-40BE-AAAC-FFA227B6AB35}.Release|Any CPU.ActiveCfg = Release|Any CPU
		{21FC7E01-6C04-40BE-AAAC-FFA227B6AB35}.Release|Any CPU.Build.0 = Release|Any CPU
		{36ADEB82-DEDC-45D5-AF9A-25569C01529B}.Debug|Any CPU.ActiveCfg = Debug|Any CPU
		{36ADEB82-DEDC-45D5-AF9A-25569C01529B}.Debug|Any CPU.Build.0 = Debug|Any CPU
		{36ADEB82-DEDC-45D5-AF9A-25569C01529B}.Release|Any CPU.ActiveCfg = Release|Any CPU
		{36ADEB82-DEDC-45D5-AF9A-25569C01529B}.Release|Any CPU.Build.0 = Release|Any CPU
		{C0331CDB-3CD8-43EF-B86A-ECBBB2A111B0}.Debug|Any CPU.ActiveCfg = Debug|Any CPU
		{C0331CDB-3CD8-43EF-B86A-ECBBB2A111B0}.Debug|Any CPU.Build.0 = Debug|Any CPU
		{C0331CDB-3CD8-43EF-B86A-ECBBB2A111B0}.Release|Any CPU.ActiveCfg = Release|Any CPU
		{C0331CDB-3CD8-43EF-B86A-ECBBB2A111B0}.Release|Any CPU.Build.0 = Release|Any CPU
		{9EFE9079-AE3D-4E34-A7C5-4ABFF432ADAC}.Debug|Any CPU.ActiveCfg = Debug|Any CPU
		{9EFE9079-AE3D-4E34-A7C5-4ABFF432ADAC}.Debug|Any CPU.Build.0 = Debug|Any CPU
		{9EFE9079-AE3D-4E34-A7C5-4ABFF432ADAC}.Release|Any CPU.ActiveCfg = Release|Any CPU
		{9EFE9079-AE3D-4E34-A7C5-4ABFF432ADAC}.Release|Any CPU.Build.0 = Release|Any CPU
		{10D89D80-5DD8-4A6B-820D-635BD8DF2620}.Debug|Any CPU.ActiveCfg = Debug|Any CPU
		{10D89D80-5DD8-4A6B-820D-635BD8DF2620}.Debug|Any CPU.Build.0 = Debug|Any CPU
		{10D89D80-5DD8-4A6B-820D-635BD8DF2620}.Release|Any CPU.ActiveCfg = Release|Any CPU
		{10D89D80-5DD8-4A6B-820D-635BD8DF2620}.Release|Any CPU.Build.0 = Release|Any CPU
		{0611103F-DF4E-42B9-B6C6-9355A4011700}.Debug|Any CPU.ActiveCfg = Debug|Any CPU
		{0611103F-DF4E-42B9-B6C6-9355A4011700}.Debug|Any CPU.Build.0 = Debug|Any CPU
		{0611103F-DF4E-42B9-B6C6-9355A4011700}.Release|Any CPU.ActiveCfg = Release|Any CPU
		{0611103F-DF4E-42B9-B6C6-9355A4011700}.Release|Any CPU.Build.0 = Release|Any CPU
		{7D00E0BF-2715-4771-8759-6A724DD5C2D8}.Debug|Any CPU.ActiveCfg = Debug|Any CPU
		{7D00E0BF-2715-4771-8759-6A724DD5C2D8}.Debug|Any CPU.Build.0 = Debug|Any CPU
		{7D00E0BF-2715-4771-8759-6A724DD5C2D8}.Release|Any CPU.ActiveCfg = Release|Any CPU
		{7D00E0BF-2715-4771-8759-6A724DD5C2D8}.Release|Any CPU.Build.0 = Release|Any CPU
		{575BD973-BD85-4621-B97C-E3DDF554B63C}.Debug|Any CPU.ActiveCfg = Debug|Any CPU
		{575BD973-BD85-4621-B97C-E3DDF554B63C}.Debug|Any CPU.Build.0 = Debug|Any CPU
		{575BD973-BD85-4621-B97C-E3DDF554B63C}.Release|Any CPU.ActiveCfg = Release|Any CPU
		{575BD973-BD85-4621-B97C-E3DDF554B63C}.Release|Any CPU.Build.0 = Release|Any CPU
		{26749D90-B041-452E-98C6-22A8268B814E}.Debug|Any CPU.ActiveCfg = Debug|Any CPU
		{26749D90-B041-452E-98C6-22A8268B814E}.Debug|Any CPU.Build.0 = Debug|Any CPU
		{26749D90-B041-452E-98C6-22A8268B814E}.Release|Any CPU.ActiveCfg = Release|Any CPU
		{26749D90-B041-452E-98C6-22A8268B814E}.Release|Any CPU.Build.0 = Release|Any CPU
		{C4269752-7F30-4225-B51D-CCDCBFB37572}.Debug|Any CPU.ActiveCfg = Debug|Any CPU
		{C4269752-7F30-4225-B51D-CCDCBFB37572}.Debug|Any CPU.Build.0 = Debug|Any CPU
		{C4269752-7F30-4225-B51D-CCDCBFB37572}.Release|Any CPU.ActiveCfg = Release|Any CPU
		{C4269752-7F30-4225-B51D-CCDCBFB37572}.Release|Any CPU.Build.0 = Release|Any CPU
		{FFC2CE55-3BCA-43A2-BAAB-C24FE826A424}.Debug|Any CPU.ActiveCfg = Debug|Any CPU
		{FFC2CE55-3BCA-43A2-BAAB-C24FE826A424}.Debug|Any CPU.Build.0 = Debug|Any CPU
		{FFC2CE55-3BCA-43A2-BAAB-C24FE826A424}.Release|Any CPU.ActiveCfg = Release|Any CPU
		{FFC2CE55-3BCA-43A2-BAAB-C24FE826A424}.Release|Any CPU.Build.0 = Release|Any CPU
		{8BEAA988-E960-4F83-BE8A-8C025FF13C3F}.Debug|Any CPU.ActiveCfg = Debug|Any CPU
		{8BEAA988-E960-4F83-BE8A-8C025FF13C3F}.Debug|Any CPU.Build.0 = Debug|Any CPU
		{8BEAA988-E960-4F83-BE8A-8C025FF13C3F}.Release|Any CPU.ActiveCfg = Release|Any CPU
		{8BEAA988-E960-4F83-BE8A-8C025FF13C3F}.Release|Any CPU.Build.0 = Release|Any CPU
	EndGlobalSection
EndGlobal
